{
  "requires": true,
  "lockfileVersion": 1,
  "dependencies": {
    "gitbook-plugin-back-to-top-button": {
      "version": "0.1.4",
      "resolved": "https://registry.npm.taobao.org/gitbook-plugin-back-to-top-button/download/gitbook-plugin-back-to-top-button-0.1.4.tgz",
      "integrity": "sha1-5iGDOLDvGdWOb2YAmUNQt26ANd8="
    },
    "gitbook-plugin-cnzz": {
      "version": "0.0.3",
      "resolved": "https://registry.nlark.com/gitbook-plugin-cnzz/download/gitbook-plugin-cnzz-0.0.3.tgz",
      "integrity": "sha1-hW8MUB4s1THCqMgM3gcKOd8PSfU="
    },
    "gitbook-plugin-edit-link": {
      "version": "2.0.2",
      "resolved": "https://registry.nlark.com/gitbook-plugin-edit-link/download/gitbook-plugin-edit-link-2.0.2.tgz",
      "integrity": "sha1-2PzZJ+ztgeemYqctWdtgnq/X5y8="
    },
    "gitbook-plugin-github": {
      "version": "3.0.0",
      "resolved": "https://registry.nlark.com/gitbook-plugin-github/download/gitbook-plugin-github-3.0.0.tgz",
      "integrity": "sha1-Z0V9+YpX6o75slGLiDQNs3ClMXs="
    },
    "gitbook-plugin-github-buttons": {
      "version": "2.1.0",
      "resolved": "https://registry.nlark.com/gitbook-plugin-github-buttons/download/gitbook-plugin-github-buttons-2.1.0.tgz",
      "integrity": "sha1-eZOqHmwgUeF0POTiw3PEPbZeiuQ="
    },
    "gitbook-plugin-hints": {
      "version": "1.0.2",
      "resolved": "https://registry.nlark.com/gitbook-plugin-hints/download/gitbook-plugin-hints-1.0.2.tgz",
      "integrity": "sha1-5liZg+PqhHSfFtxjHigvr9Rew5s="
    },
    "gitbook-plugin-page-toc-button": {
      "version": "0.1.1",
      "resolved": "https://registry.nlark.com/gitbook-plugin-page-toc-button/download/gitbook-plugin-page-toc-button-0.1.1.tgz",
      "integrity": "sha1-KBoK3j8NiXtjqDpKPGPMhTpglvk="
    },
    "gitbook-plugin-sitemap-general": {
      "version": "0.1.1",
      "resolved": "https://registry.nlark.com/gitbook-plugin-sitemap-general/download/gitbook-plugin-sitemap-general-0.1.1.tgz",
      "integrity": "sha1-n/Mu75D3tSdjkLsCbpqBrxAMLVU=",
      "requires": {
        "sitemap": "1.5.0"
      }
    },
    "gitbook-plugin-tbfed-pagefooter": {
      "version": "0.0.1",
      "resolved": "https://registry.nlark.com/gitbook-plugin-tbfed-pagefooter/download/gitbook-plugin-tbfed-pagefooter-0.0.1.tgz",
      "integrity": "sha1-Fu54QGLdhQQmTEd+h2X8ScQb7T0=",
      "requires": {
        "moment": "^2.10.6"
      }
    },
    "moment": {
      "version": "2.29.1",
      "resolved": "https://registry.npm.taobao.org/moment/download/moment-2.29.1.tgz",
      "integrity": "sha1-sr52n6MZQL6e7qZGnAdeNQBvo9M="
    },
    "sitemap": {
      "version": "1.5.0",
      "resolved": "https://registry.nlark.com/sitemap/download/sitemap-1.5.0.tgz",
      "integrity": "sha1-RbPoib96XbDvvyxMb8sVbKh+EgE=",
      "requires": {
        "underscore": "^1.7.0",
        "url-join": "^0.0.1"
      }
    },
    "underscore": {
      "version": "1.13.1",
      "resolved": "https://registry.npm.taobao.org/underscore/download/underscore-1.13.1.tgz",
      "integrity": "sha1-DBxr0t9UtrafIxQGbWW2zeb8+dE="
    },
    "url-join": {
      "version": "0.0.1",
      "resolved": "https://registry.npm.taobao.org/url-join/download/url-join-0.0.1.tgz",
      "integrity": "sha1-HbSK1CLTQCRpqH99l73r/k+x48g="
    }
  }
}
